{
    "_readme": [
        "This file locks the dependencies of your project to a known state",
        "Read more about it at https://getcomposer.org/doc/01-basic-usage.md#composer-lock-the-lock-file",
        "This file is @generated automatically"
    ],
    "content-hash": "01568319a5f7e958c46dca53785fde68",
    "packages": [
        {
            "name": "avtomon/_PDO",
            "version": "v1.0",
            "source": {
                "type": "git",
                "url": "https://github.com/avtomon/_PDO.git",
                "reference": "1c4df7fd1a8fe61a611809c7fd5ff832d6cff69f"
            },
            "type": "project",
            "description": "Yet another PHP PDO wrapper",
            "time": "2017-03-23T15:50:36+00:00"
        }
    ],
    "packages-dev": [],
    "aliases": [],
    "minimum-stability": "stable",
    "stability-flags": [],
    "prefer-stable": false,
    "prefer-lowest": false,
    "platform": [],
    "platform-dev": []
}
